using System;

namespace kr2
{
    class Program
    {
        struct adress_book
        {
            public struct sur_name 
            {
                public string surname;
                public string name;
                public string fathname;
                public float birth;

                public void surname_display()
                {
                    Console.WriteLine($"Surname: {surname}");
                    Console.WriteLine($"Name: {name}");
                    Console.WriteLine($"Father name: {fathname}");
                    Console.WriteLine($"Date of birth: {birth}");
                }
            }

            public struct adress
            {
                public string street;
                public int number;
                public string city;

                public void adress_display()
                {
                    Console.WriteLine("_____________");
                    Console.WriteLine($"Street: {street}");
                    Console.WriteLine($"Number: {number}");
                    Console.WriteLine($"City: {city}");
                }
            }
        }

        static void Main(string[] args)
        {

            adress_book.sur_name sur_name;
            sur_name.surname = "Shpota";
            sur_name.name = "Ilya";
            sur_name.fathname = "Sergiyovich";
            sur_name.birth = 26.06f;
            sur_name.surname_display();

            adress_book.adress adr;
            adr.street = "Pupkina str.";
            adr.number = 69;
            adr.city = "Kiyv";
            adr.adress_display();

            /*int sum = ;
            sum = (int)Math.Round(sum, 2);
            Console.WriteLine("______________");
            Console.WriteLine($"The sum of all citizens:{sum}");*/
        }
    }
}
